
Microsoft Visual Studio Solution File, Format Version 12.00
# Visual Studio Version 17
VisualStudioVersion = 17.3.32929.385
MinimumVisualStudioVersion = 10.0.40219.1
Project("{9A19103F-16F7-4668-BE54-9A1E7A4F7556}") = "server", "server.csproj", "{4984BE59-ED8D-43C6-A346-574731C47580}"
EndProject
Project("{FAE04EC0-301F-11D3-BF4B-00C04F79EFBC}") = "UnitTestProj", "..\UnitTestProj\UnitTestProj.csproj", "{020C1EDF-0492-44C5-B439-86101E92F067}"
EndProject
Global
	GlobalSection(SolutionConfigurationPlatforms) = preSolution
		Debug|Any CPU = Debug|Any CPU
		Release|Any CPU = Release|Any CPU
	EndGlobalSection
	GlobalSection(ProjectConfigurationPlatforms) = postSolution
		{4984BE59-ED8D-43C6-A346-574731C47580}.Debug|Any CPU.ActiveCfg = Debug|Any CPU
		{4984BE59-ED8D-43C6-A346-574731C47580}.Debug|Any CPU.Build.0 = Debug|Any CPU
		{4984BE59-ED8D-43C6-A346-574731C47580}.Release|Any CPU.ActiveCfg = Release|Any CPU
		{4984BE59-ED8D-43C6-A346-574731C47580}.Release|Any CPU.Build.0 = Release|Any CPU
		{020C1EDF-0492-44C5-B439-86101E92F067}.Debug|Any CPU.ActiveCfg = Debug|Any CPU
		{020C1EDF-0492-44C5-B439-86101E92F067}.Debug|Any CPU.Build.0 = Debug|Any CPU
		{020C1EDF-0492-44C5-B439-86101E92F067}.Release|Any CPU.ActiveCfg = Release|Any CPU
		{020C1EDF-0492-44C5-B439-86101E92F067}.Release|Any CPU.Build.0 = Release|Any CPU
	EndGlobalSection
	GlobalSection(SolutionProperties) = preSolution
		HideSolutionNode = FALSE
	EndGlobalSection
	GlobalSection(ExtensibilityGlobals) = postSolution
		SolutionGuid = {765C29FE-EA79-42D1-8884-791E0D4AB011}
	EndGlobalSection
EndGlobal
